<?xml version="1.0" encoding="utf-8"?>
<Project ToolsVersion="4.0" xmlns="http://schemas.microsoft.com/developer/msbuild/2003">
  <ItemGroup>
    <Filter Include="Source">
      <UniqueIdentifier>{4FC737F1-C7A5-4376-A066-2A32D752A2FF}</UniqueIdentifier>
      <Extensions>cpp;c;cc;cxx;c++;cppm;ixx;def;odl;idl;hpj;bat;asm;asmx</Extensions>
    </Filter>
    <Filter Include="Include">
      <UniqueIdentifier>{93995380-89BD-4b04-88EB-625FBE52EBFB}</UniqueIdentifier>
      <Extensions>h;hh;hpp;hxx;h++;hm;inl;inc;ipp;xsd</Extensions>
    </Filter>
    <Filter Include="Include\Processor">
      <UniqueIdentifier>{aa11076d-c159-4cfb-b100-848037c1fb5a}</UniqueIdentifier>
    </Filter>
    <Filter Include="Source\Processor">
      <UniqueIdentifier>{56d8bf01-2cec-4024-8186-24631b85987d}</UniqueIdentifier>
    </Filter>
    <Filter Include="Tests">
      <UniqueIdentifier>{84f6fa2c-3702-450d-bfe4-6eadcbb74183}</UniqueIdentifier>
    </Filter>
    <Filter Include="Source\Turtle">
      <UniqueIdentifier>{93893a6b-94f8-41e0-a8a4-7223a18dc86e}</UniqueIdentifier>
    </Filter>
  </ItemGroup>
  <ItemGroup>
    <ClInclude Include="Include\Display.hpp">
      <Filter>Include</Filter>
    </ClInclude>
    <ClInclude Include="Include\Position.hpp">
      <Filter>Include</Filter>
    </ClInclude>
    <ClInclude Include="Include\Turtle.hpp">
      <Filter>Include</Filter>
    </ClInclude>
    <ClInclude Include="Include\Processor\Lexer.hpp">
      <Filter>Include\Processor</Filter>
    </ClInclude>
    <ClInclude Include="Include\Processor\Template.hpp">
      <Filter>Include\Processor</Filter>
    </ClInclude>
    <ClInclude Include="Include\Processor\Executor.hpp">
      <Filter>Include\Processor</Filter>
    </ClInclude>
    <ClInclude Include="Include\Processor\Parser.hpp">
      <Filter>Include\Processor</Filter>
    </ClInclude>
    <ClInclude Include="Include\Processor\Translator.hpp">
      <Filter>Include\Processor</Filter>
    </ClInclude>
    <ClInclude Include="Include\Processor\Token.hpp">
      <Filter>Include\Processor</Filter>
    </ClInclude>
    <ClInclude Include="Include\Processor\StringSplice.hpp">
      <Filter>Include\Processor</Filter>
    </ClInclude>
    <ClInclude Include="Include\Processor\ProcessBase.hpp">
      <Filter>Include\Processor</Filter>
    </ClInclude>
    <ClInclude Include="Include\Pch.hpp">
      <Filter>Include</Filter>
    </ClInclude>
    <ClInclude Include="Include\Processor\AstNode.hpp">
      <Filter>Include\Processor</Filter>
    </ClInclude>
    <ClInclude Include="Include\Processor\Pch.hpp">
      <Filter>Include\Processor</Filter>
    </ClInclude>
    <ClInclude Include="Include\StdAliases.hpp">
      <Filter>Include</Filter>
    </ClInclude>
    <ClInclude Include="Include\Config.hpp">
      <Filter>Include</Filter>
    </ClInclude>
    <ClInclude Include="Include\Processor\Command.hpp">
      <Filter>Include\Processor</Filter>
    </ClInclude>
    <ClInclude Include="Include\Processor\ECommandType.hpp">
      <Filter>Include\Processor</Filter>
    </ClInclude>
    <ClInclude Include="Include\Processor\RunContext.hpp">
      <Filter>Include\Processor</Filter>
    </ClInclude>
    <ClInclude Include="Include\Processor\EToken.hpp">
      <Filter>Include\Processor</Filter>
    </ClInclude>
    <ClInclude Include="Include\Processor\Continuation.hpp">
      <Filter>Include\Processor</Filter>
    </ClInclude>
  </ItemGroup>
  <ItemGroup>
    <ClCompile Include="Source\Processor\Lexer.cpp">
      <Filter>Source\Processor</Filter>
    </ClCompile>
    <ClCompile Include="Source\Processor\Executor.cpp">
      <Filter>Source\Processor</Filter>
    </ClCompile>
    <ClCompile Include="Source\Processor\Parser.cpp">
      <Filter>Source\Processor</Filter>
    </ClCompile>
    <ClCompile Include="Source\Processor\Translator.cpp">
      <Filter>Source\Processor</Filter>
    </ClCompile>
    <ClCompile Include="Source\Processor\ProcessBase.cpp">
      <Filter>Source\Processor</Filter>
    </ClCompile>
    <ClCompile Include="Source\Processor\ProcessorPch.cpp">
      <Filter>Source\Processor</Filter>
    </ClCompile>
    <ClCompile Include="Source\Processor\AstNode.cpp">
      <Filter>Source\Processor</Filter>
    </ClCompile>
    <ClCompile Include="Source\Turtle\Display.cpp">
      <Filter>Source\Turtle</Filter>
    </ClCompile>
    <ClCompile Include="Source\Turtle\Pch.cpp">
      <Filter>Source\Turtle</Filter>
    </ClCompile>
    <ClCompile Include="Source\Turtle\Turtle.cpp">
      <Filter>Source\Turtle</Filter>
    </ClCompile>
    <ClCompile Include="Source\Tests\TestMain.cpp">
      <Filter>Tests</Filter>
    </ClCompile>
    <ClCompile Include="Source\Main.cpp">
      <Filter>Source</Filter>
    </ClCompile>
    <ClCompile Include="Source\Processor\RunContext.cpp">
      <Filter>Source\Processor</Filter>
    </ClCompile>
    <ClCompile Include="Source\Processor\Template.cpp">
      <Filter>Source\Processor</Filter>
    </ClCompile>
    <ClCompile Include="Source\Processor\Continuation.cpp">
      <Filter>Source\Processor</Filter>
    </ClCompile>
  </ItemGroup>
  <ItemGroup>
    <None Include="Readme.md" />
  </ItemGroup>
  <ItemGroup>
    <Text Include="Commands.turtle" />
  </ItemGroup>
</Project>